PODS:
  - OMGJanusWebRTC (0.2.1):
    - Starscream
    - WebRTC
  - Starscream (3.0.6)
  - WebRTC (63.11.20455)

DEPENDENCIES:
  - OMGJanusWebRTC (from `../`)

SPEC REPOS:
  trunk:
    - Starscream
    - WebRTC

EXTERNAL SOURCES:
  OMGJanusWebRTC:
    :path: "../"

SPEC CHECKSUMS:
  OMGJanusWebRTC: 81e9132deaeadd6157c70d6a84af6b29eda9241d
  Starscream: ef3ece99d765eeccb67de105bfa143f929026cf5
  WebRTC: f2a6203584745fe53532633397557876b5d71640

PODFILE CHECKSUM: 240a3c27c3a36b52cc670e27552af76dd0f9e8e9

COCOAPODS: 1.9.0
